
Microsoft Visual Studio Solution File, Format Version 12.00
# Visual Studio 15
VisualStudioVersion = 15.0.27428.1
MinimumVisualStudioVersion = 10.0.40219.1
Project("{FAE04EC0-301F-11D3-BF4B-00C04F79EFBC}") = "FixPwd", "FixPwd\FixPwd.csproj", "{59F6E3BD-A9C2-4A49-9222-4A7441702E37}"
EndProject
Global
	GlobalSection(SolutionConfigurationPlatforms) = preSolution
		Debug|Any CPU = Debug|Any CPU
		Release|Any CPU = Release|Any CPU
	EndGlobalSection
	GlobalSection(ProjectConfigurationPlatforms) = postSolution
		{59F6E3BD-A9C2-4A49-9222-4A7441702E37}.Debug|Any CPU.ActiveCfg = Debug|Any CPU
		{59F6E3BD-A9C2-4A49-9222-4A7441702E37}.Debug|Any CPU.Build.0 = Debug|Any CPU
		{59F6E3BD-A9C2-4A49-9222-4A7441702E37}.Release|Any CPU.ActiveCfg = Release|Any CPU
		{59F6E3BD-A9C2-4A49-9222-4A7441702E37}.Release|Any CPU.Build.0 = Release|Any CPU
	EndGlobalSection
	GlobalSection(SolutionProperties) = preSolution
		HideSolutionNode = FALSE
	EndGlobalSection
	GlobalSection(ExtensibilityGlobals) = postSolution
		SolutionGuid = {54AAC90D-B430-4F03-AD43-196149CF15CD}
	EndGlobalSection
EndGlobal
